
Microsoft Visual Studio Solution File, Format Version 12.00
# Visual Studio Version 16
VisualStudioVersion = 16.0.31313.79
MinimumVisualStudioVersion = 10.0.40219.1
Project("{FAE04EC0-301F-11D3-BF4B-00C04F79EFBC}") = "NumberGame", "NumberGame.csproj", "{45B0FEC8-2946-447B-8683-F5BB68510CD4}"
EndProject
Global
	GlobalSection(SolutionConfigurationPlatforms) = preSolution
		Debug|Any CPU = Debug|Any CPU
		Release|Any CPU = Release|Any CPU
	EndGlobalSection
	GlobalSection(ProjectConfigurationPlatforms) = postSolution
		{45B0FEC8-2946-447B-8683-F5BB68510CD4}.Debug|Any CPU.ActiveCfg = Debug|Any CPU
		{45B0FEC8-2946-447B-8683-F5BB68510CD4}.Debug|Any CPU.Build.0 = Debug|Any CPU
		{45B0FEC8-2946-447B-8683-F5BB68510CD4}.Release|Any CPU.ActiveCfg = Release|Any CPU
		{45B0FEC8-2946-447B-8683-F5BB68510CD4}.Release|Any CPU.Build.0 = Release|Any CPU
	EndGlobalSection
	GlobalSection(SolutionProperties) = preSolution
		HideSolutionNode = FALSE
	EndGlobalSection
	GlobalSection(ExtensibilityGlobals) = postSolution
		SolutionGuid = {C088AF2A-BE29-4EF3-8C84-04D9C95F96FA}
	EndGlobalSection
EndGlobal
